
Microsoft Visual Studio Solution File, Format Version 9.00
# Visual Studio 2005
Project("{F184B08F-C81C-45F6-A57F-5ABD9991F28F}") = "AssessorToolbar", "AssessorToolbar\AssessorToolbar.vbproj", "{969C35FB-D620-408A-B4DC-F1FADEA39130}"
EndProject
Project("{54435603-DBB4-11D2-8724-00A0C9A8B90C}") = "AssessorToolbar_Installation", "AssessorToolbar_Installation\AssessorToolbar_Installation.vdproj", "{357D6AF3-DE22-4F75-9DE4-A73C51C7D0B6}"
EndProject
Global
	GlobalSection(SolutionConfigurationPlatforms) = preSolution
		Debug|Any CPU = Debug|Any CPU
		Release|Any CPU = Release|Any CPU
	EndGlobalSection
	GlobalSection(ProjectConfigurationPlatforms) = postSolution
		{969C35FB-D620-408A-B4DC-F1FADEA39130}.Debug|Any CPU.ActiveCfg = Debug|Any CPU
		{969C35FB-D620-408A-B4DC-F1FADEA39130}.Debug|Any CPU.Build.0 = Debug|Any CPU
		{969C35FB-D620-408A-B4DC-F1FADEA39130}.Release|Any CPU.ActiveCfg = Release|Any CPU
		{969C35FB-D620-408A-B4DC-F1FADEA39130}.Release|Any CPU.Build.0 = Release|Any CPU
		{357D6AF3-DE22-4F75-9DE4-A73C51C7D0B6}.Debug|Any CPU.ActiveCfg = Debug
		{357D6AF3-DE22-4F75-9DE4-A73C51C7D0B6}.Release|Any CPU.ActiveCfg = Release
	EndGlobalSection
	GlobalSection(SolutionProperties) = preSolution
		HideSolutionNode = FALSE
	EndGlobalSection
EndGlobal
