
Microsoft Visual Studio Solution File, Format Version 10.00
# Visual Studio 2008
Project("{F184B08F-C81C-45F6-A57F-5ABD9991F28F}") = "Project1", "Project1.vbproj", "{6CB4029B-D163-4F59-9C81-C51507B7DD18}"
EndProject
Global
	GlobalSection(SourceCodeControl) = preSolution
		SccNumberOfProjects = 2
		SccLocalPath0 = .
		SccProjectUniqueName1 = Project1.vbproj
		SccLocalPath1 = .
	EndGlobalSection
	GlobalSection(SolutionConfigurationPlatforms) = preSolution
		Debug|Any CPU = Debug|Any CPU
		Release|Any CPU = Release|Any CPU
	EndGlobalSection
	GlobalSection(ProjectConfigurationPlatforms) = postSolution
		{6CB4029B-D163-4F59-9C81-C51507B7DD18}.Debug|Any CPU.ActiveCfg = Debug|Any CPU
		{6CB4029B-D163-4F59-9C81-C51507B7DD18}.Debug|Any CPU.Build.0 = Debug|Any CPU
		{6CB4029B-D163-4F59-9C81-C51507B7DD18}.Release|Any CPU.ActiveCfg = Release|Any CPU
		{6CB4029B-D163-4F59-9C81-C51507B7DD18}.Release|Any CPU.Build.0 = Release|Any CPU
	EndGlobalSection
	GlobalSection(SolutionProperties) = preSolution
		HideSolutionNode = FALSE
	EndGlobalSection
EndGlobal
